{
  "name": "backend-clase-03",
  "version": "1.0.0",
  "lockfileVersion": 2,
  "requires": true,
  "packages": {
    "": {
      "name": "backend-clase-03",
      "version": "1.0.0",
      "license": "ISC",
      "dependencies": {
        "moment": "~1.6.0"
      }
    },
    "node_modules/moment": {
      "version": "1.6.2",
      "resolved": "https://registry.npmjs.org/moment/-/moment-1.6.2.tgz",
      "integrity": "sha512-G+xsahXPFrlVlrtnok175V8GbzeglaXrJT1RqcTUMYq1JWzI5j+L/V/EMD54jDSromQyaEthfRtyldbx0VKH/w==",
      "engines": {
        "node": "*"
      }
    }
  },
  "dependencies": {
    "moment": {
      "version": "1.6.2",
      "resolved": "https://registry.npmjs.org/moment/-/moment-1.6.2.tgz",
      "integrity": "sha512-G+xsahXPFrlVlrtnok175V8GbzeglaXrJT1RqcTUMYq1JWzI5j+L/V/EMD54jDSromQyaEthfRtyldbx0VKH/w=="
    }
  }
}
